// !$*UTF8*$!
{
	archiveVersion = 1;
	classes = {
	};
	objectVersion = 50;
	objects = {

/* Begin PBXBuildFile section */
		8845ED5123B908800061308B /* ContainerVC.swift in Sources */ = {isa = PBXBuildFile; fileRef = 8845ED5023B908800061308B /* ContainerVC.swift */; };
		8845ED5323B935800061308B /* ListCell.swift in Sources */ = {isa = PBXBuildFile; fileRef = 8845ED5223B935800061308B /* ListCell.swift */; };
		885010DA23BA39CE00909AD2 /* AddPinVC.swift in Sources */ = {isa = PBXBuildFile; fileRef = 885010D923BA39CE00909AD2 /* AddPinVC.swift */; };
		885010DC23BA5E8B00909AD2 /* ConfirmVC.swift in Sources */ = {isa = PBXBuildFile; fileRef = 885010DB23BA5E8B00909AD2 /* ConfirmVC.swift */; };
		885018F423B83A520077DCA9 /* ListVC.swift in Sources */ = {isa = PBXBuildFile; fileRef = 885018F323B83A520077DCA9 /* ListVC.swift */; };
		885206F523B6369000CB419F /* MapVC.swift in Sources */ = {isa = PBXBuildFile; fileRef = 885206F423B6369000CB419F /* MapVC.swift */; };
		885206F823B64E9400CB419F /* StudentLocation.swift in Sources */ = {isa = PBXBuildFile; fileRef = 885206F723B64E9400CB419F /* StudentLocation.swift */; };
		88AFF00823B95774002514E4 /* Global.swift in Sources */ = {isa = PBXBuildFile; fileRef = 88AFF00723B95774002514E4 /* Global.swift */; };
		88CA8E13239DA8980001A333 /* AppDelegate.swift in Sources */ = {isa = PBXBuildFile; fileRef = 88CA8E12239DA8980001A333 /* AppDelegate.swift */; };
		88CA8E15239DA8980001A333 /* ViewController.swift in Sources */ = {isa = PBXBuildFile; fileRef = 88CA8E14239DA8980001A333 /* ViewController.swift */; };
		88CA8E18239DA8980001A333 /* Main.storyboard in Resources */ = {isa = PBXBuildFile; fileRef = 88CA8E16239DA8980001A333 /* Main.storyboard */; };
		88CA8E1A239DA8A90001A333 /* Assets.xcassets in Resources */ = {isa = PBXBuildFile; fileRef = 88CA8E19239DA8A90001A333 /* Assets.xcassets */; };
		88CA8E1D239DA8A90001A333 /* LaunchScreen.storyboard in Resources */ = {isa = PBXBuildFile; fileRef = 88CA8E1B239DA8A90001A333 /* LaunchScreen.storyboard */; };
		88CA8E25239F047C0001A333 /* APIs.swift in Sources */ = {isa = PBXBuildFile; fileRef = 88CA8E24239F047C0001A333 /* APIs.swift */; };
		88CA8E28239F13900001A333 /* LoginInfo.swift in Sources */ = {isa = PBXBuildFile; fileRef = 88CA8E27239F13900001A333 /* LoginInfo.swift */; };
		88EAA4A223BA994700641428 /* extension.swift in Sources */ = {isa = PBXBuildFile; fileRef = 88EAA4A123BA994700641428 /* extension.swift */; };
/* End PBXBuildFile section */

/* Begin PBXFileReference section */
		8845ED5023B908800061308B /* ContainerVC.swift */ = {isa = PBXFileReference; lastKnownFileType = sourcecode.swift; path = ContainerVC.swift; sourceTree = "<group>"; };
		8845ED5223B935800061308B /* ListCell.swift */ = {isa = PBXFileReference; lastKnownFileType = sourcecode.swift; path = ListCell.swift; sourceTree = "<group>"; };
		885010D923BA39CE00909AD2 /* AddPinVC.swift */ = {isa = PBXFileReference; lastKnownFileType = sourcecode.swift; path = AddPinVC.swift; sourceTree = "<group>"; };
		885010DB23BA5E8B00909AD2 /* ConfirmVC.swift */ = {isa = PBXFileReference; lastKnownFileType = sourcecode.swift; path = ConfirmVC.swift; sourceTree = "<group>"; };
		885018F323B83A520077DCA9 /* ListVC.swift */ = {isa = PBXFileReference; lastKnownFileType = sourcecode.swift; path = ListVC.swift; sourceTree = "<group>"; };
		885206F423B6369000CB419F /* MapVC.swift */ = {isa = PBXFileReference; lastKnownFileType = sourcecode.swift; path = MapVC.swift; sourceTree = "<group>"; };
		885206F723B64E9400CB419F /* StudentLocation.swift */ = {isa = PBXFileReference; lastKnownFileType = sourcecode.swift; path = StudentLocation.swift; sourceTree = "<group>"; };
		88AFF00723B95774002514E4 /* Global.swift */ = {isa = PBXFileReference; lastKnownFileType = sourcecode.swift; path = Global.swift; sourceTree = "<group>"; };
		88CA8E0F239DA8980001A333 /* OnTheMap.app */ = {isa = PBXFileReference; explicitFileType = wrapper.application; includeInIndex = 0; path = OnTheMap.app; sourceTree = BUILT_PRODUCTS_DIR; };
		88CA8E12239DA8980001A333 /* AppDelegate.swift */ = {isa = PBXFileReference; lastKnownFileType = sourcecode.swift; path = AppDelegate.swift; sourceTree = "<group>"; };
		88CA8E14239DA8980001A333 /* ViewController.swift */ = {isa = PBXFileReference; lastKnownFileType = sourcecode.swift; path = ViewController.swift; sourceTree = "<group>"; };
		88CA8E17239DA8980001A333 /* Base */ = {isa = PBXFileReference; lastKnownFileType = file.storyboard; name = Base; path = Base.lproj/Main.storyboard; sourceTree = "<group>"; };
		88CA8E19239DA8A90001A333 /* Assets.xcassets */ = {isa = PBXFileReference; lastKnownFileType = folder.assetcatalog; path = Assets.xcassets; sourceTree = "<group>"; };
		88CA8E1C239DA8A90001A333 /* Base */ = {isa = PBXFileReference; lastKnownFileType = file.storyboard; name = Base; path = Base.lproj/LaunchScreen.storyboard; sourceTree = "<group>"; };
		88CA8E1E239DA8A90001A333 /* Info.plist */ = {isa = PBXFileReference; lastKnownFileType = text.plist.xml; path = Info.plist; sourceTree = "<group>"; };
		88CA8E24239F047C0001A333 /* APIs.swift */ = {isa = PBXFileReference; lastKnownFileType = sourcecode.swift; path = APIs.swift; sourceTree = "<group>"; };
		88CA8E27239F13900001A333 /* LoginInfo.swift */ = {isa = PBXFileReference; lastKnownFileType = sourcecode.swift; path = LoginInfo.swift; sourceTree = "<group>"; };
		88EAA4A123BA994700641428 /* extension.swift */ = {isa = PBXFileReference; lastKnownFileType = sourcecode.swift; path = extension.swift; sourceTree = "<group>"; };
/* End PBXFileReference section */

/* Begin PBXFrameworksBuildPhase section */
		88CA8E0C239DA8980001A333 /* Frameworks */ = {
			isa = PBXFrameworksBuildPhase;
			buildActionMask = 2147483647;
			files = (
			);
			runOnlyForDeploymentPostprocessing = 0;
		};
/* End PBXFrameworksBuildPhase section */

/* Begin PBXGroup section */
		885206F623B636A900CB419F /* Controller */ = {
			isa = PBXGroup;
			children = (
				88CA8E14239DA8980001A333 /* ViewController.swift */,
				885206F423B6369000CB419F /* MapVC.swift */,
				885018F323B83A520077DCA9 /* ListVC.swift */,
				8845ED5023B908800061308B /* ContainerVC.swift */,
				885010D923BA39CE00909AD2 /* AddPinVC.swift */,
				885010DB23BA5E8B00909AD2 /* ConfirmVC.swift */,
			);
			path = Controller;
			sourceTree = "<group>";
		};
		88CA8E06239DA8980001A333 = {
			isa = PBXGroup;
			children = (
				88CA8E11239DA8980001A333 /* OnTheMap */,
				88CA8E10239DA8980001A333 /* Products */,
			);
			sourceTree = "<group>";
		};
		88CA8E10239DA8980001A333 /* Products */ = {
			isa = PBXGroup;
			children = (
				88CA8E0F239DA8980001A333 /* OnTheMap.app */,
			);
			name = Products;
			sourceTree = "<group>";
		};
		88CA8E11239DA8980001A333 /* OnTheMap */ = {
			isa = PBXGroup;
			children = (
				88CA8E12239DA8980001A333 /* AppDelegate.swift */,
				88CA8E24239F047C0001A333 /* APIs.swift */,
				88AFF00723B95774002514E4 /* Global.swift */,
				88CA8E26239F13060001A333 /* Model */,
				885206F623B636A900CB419F /* Controller */,
				88CA8E16239DA8980001A333 /* Main.storyboard */,
				8845ED5223B935800061308B /* ListCell.swift */,
				88EAA4A123BA994700641428 /* extension.swift */,
				88CA8E19239DA8A90001A333 /* Assets.xcassets */,
				88CA8E1B239DA8A90001A333 /* LaunchScreen.storyboard */,
				88CA8E1E239DA8A90001A333 /* Info.plist */,
			);
			path = OnTheMap;
			sourceTree = "<group>";
		};
		88CA8E26239F13060001A333 /* Model */ = {
			isa = PBXGroup;
			children = (
				88CA8E27239F13900001A333 /* LoginInfo.swift */,
				885206F723B64E9400CB419F /* StudentLocation.swift */,
			);
			path = Model;
			sourceTree = "<group>";
		};
/* End PBXGroup section */

/* Begin PBXNativeTarget section */
		88CA8E0E239DA8980001A333 /* OnTheMap */ = {
			isa = PBXNativeTarget;
			buildConfigurationList = 88CA8E21239DA8A90001A333 /* Build configuration list for PBXNativeTarget "OnTheMap" */;
			buildPhases = (
				88CA8E0B239DA8980001A333 /* Sources */,
				88CA8E0C239DA8980001A333 /* Frameworks */,
				88CA8E0D239DA8980001A333 /* Resources */,
			);
			buildRules = (
			);
			dependencies = (
			);
			name = OnTheMap;
			productName = OnTheMap;
			productReference = 88CA8E0F239DA8980001A333 /* OnTheMap.app */;
			productType = "com.apple.product-type.application";
		};
/* End PBXNativeTarget section */

/* Begin PBXProject section */
		88CA8E07239DA8980001A333 /* Project object */ = {
			isa = PBXProject;
			attributes = {
				LastSwiftUpdateCheck = 1030;
				LastUpgradeCheck = 1030;
				ORGANIZATIONNAME = "Maram Saleh";
				TargetAttributes = {
					88CA8E0E239DA8980001A333 = {
						CreatedOnToolsVersion = 10.3;
					};
				};
			};
			buildConfigurationList = 88CA8E0A239DA8980001A333 /* Build configuration list for PBXProject "OnTheMap" */;
			compatibilityVersion = "Xcode 9.3";
			developmentRegion = en;
			hasScannedForEncodings = 0;
			knownRegions = (
				en,
				Base,
			);
			mainGroup = 88CA8E06239DA8980001A333;
			productRefGroup = 88CA8E10239DA8980001A333 /* Products */;
			projectDirPath = "";
			projectRoot = "";
			targets = (
				88CA8E0E239DA8980001A333 /* OnTheMap */,
			);
		};
/* End PBXProject section */

/* Begin PBXResourcesBuildPhase section */
		88CA8E0D239DA8980001A333 /* Resources */ = {
			isa = PBXResourcesBuildPhase;
			buildActionMask = 2147483647;
			files = (
				88CA8E1D239DA8A90001A333 /* LaunchScreen.storyboard in Resources */,
				88CA8E1A239DA8A90001A333 /* Assets.xcassets in Resources */,
				88CA8E18239DA8980001A333 /* Main.storyboard in Resources */,
			);
			runOnlyForDeploymentPostprocessing = 0;
		};
/* End PBXResourcesBuildPhase section */

/* Begin PBXSourcesBuildPhase section */
		88CA8E0B239DA8980001A333 /* Sources */ = {
			isa = PBXSourcesBuildPhase;
			buildActionMask = 2147483647;
			files = (
				8845ED5123B908800061308B /* ContainerVC.swift in Sources */,
				885018F423B83A520077DCA9 /* ListVC.swift in Sources */,
				885206F823B64E9400CB419F /* StudentLocation.swift in Sources */,
				885010DA23BA39CE00909AD2 /* AddPinVC.swift in Sources */,
				885206F523B6369000CB419F /* MapVC.swift in Sources */,
				88CA8E15239DA8980001A333 /* ViewController.swift in Sources */,
				88CA8E13239DA8980001A333 /* AppDelegate.swift in Sources */,
				8845ED5323B935800061308B /* ListCell.swift in Sources */,
				88EAA4A223BA994700641428 /* extension.swift in Sources */,
				88CA8E25239F047C0001A333 /* APIs.swift in Sources */,
				885010DC23BA5E8B00909AD2 /* ConfirmVC.swift in Sources */,
				88AFF00823B95774002514E4 /* Global.swift in Sources */,
				88CA8E28239F13900001A333 /* LoginInfo.swift in Sources */,
			);
			runOnlyForDeploymentPostprocessing = 0;
		};
/* End PBXSourcesBuildPhase section */

/* Begin PBXVariantGroup section */
		88CA8E16239DA8980001A333 /* Main.storyboard */ = {
			isa = PBXVariantGroup;
			children = (
				88CA8E17239DA8980001A333 /* Base */,
			);
			name = Main.storyboard;
			sourceTree = "<group>";
		};
		88CA8E1B239DA8A90001A333 /* LaunchScreen.storyboard */ = {
			isa = PBXVariantGroup;
			children = (
				88CA8E1C239DA8A90001A333 /* Base */,
			);
			name = LaunchScreen.storyboard;
			sourceTree = "<group>";
		};
/* End PBXVariantGroup section */

/* Begin XCBuildConfiguration section */
		88CA8E1F239DA8A90001A333 /* Debug */ = {
			isa = XCBuildConfiguration;
			buildSettings = {
				ALWAYS_SEARCH_USER_PATHS = NO;
				CLANG_ANALYZER_NONNULL = YES;
				CLANG_ANALYZER_NUMBER_OBJECT_CONVERSION = YES_AGGRESSIVE;
				CLANG_CXX_LANGUAGE_STANDARD = "gnu++14";
				CLANG_CXX_LIBRARY = "libc++";
				CLANG_ENABLE_MODULES = YES;
				CLANG_ENABLE_OBJC_ARC = YES;
				CLANG_ENABLE_OBJC_WEAK = YES;
				CLANG_WARN_BLOCK_CAPTURE_AUTORELEASING = YES;
				CLANG_WARN_BOOL_CONVERSION = YES;
				CLANG_WARN_COMMA = YES;
				CLANG_WARN_CONSTANT_CONVERSION = YES;
				CLANG_WARN_DEPRECATED_OBJC_IMPLEMENTATIONS = YES;
				CLANG_WARN_DIRECT_OBJC_ISA_USAGE = YES_ERROR;
				CLANG_WARN_DOCUMENTATION_COMMENTS = YES;
				CLANG_WARN_EMPTY_BODY = YES;
				CLANG_WARN_ENUM_CONVERSION = YES;
				CLANG_WARN_INFINITE_RECURSION = YES;
				CLANG_WARN_INT_CONVERSION = YES;
				CLANG_WARN_NON_LITERAL_NULL_CONVERSION = YES;
				CLANG_WARN_OBJC_IMPLICIT_RETAIN_SELF = YES;
				CLANG_WARN_OBJC_LITERAL_CONVERSION = YES;
				CLANG_WARN_OBJC_ROOT_CLASS = YES_ERROR;
				CLANG_WARN_RANGE_LOOP_ANALYSIS = YES;
				CLANG_WARN_STRICT_PROTOTYPES = YES;
				CLANG_WARN_SUSPICIOUS_MOVE = YES;
				CLANG_WARN_UNGUARDED_AVAILABILITY = YES_AGGRESSIVE;
				CLANG_WARN_UNREACHABLE_CODE = YES;
				CLANG_WARN__DUPLICATE_METHOD_MATCH = YES;
				CODE_SIGN_IDENTITY = "iPhone Developer";
				COPY_PHASE_STRIP = NO;
				DEBUG_INFORMATION_FORMAT = dwarf;
				ENABLE_STRICT_OBJC_MSGSEND = YES;
				ENABLE_TESTABILITY = YES;
				GCC_C_LANGUAGE_STANDARD = gnu11;
				GCC_DYNAMIC_NO_PIC = NO;
				GCC_NO_COMMON_BLOCKS = YES;
				GCC_OPTIMIZATION_LEVEL = 0;
				GCC_PREPROCESSOR_DEFINITIONS = (
					"DEBUG=1",
					"$(inherited)",
				);
				GCC_WARN_64_TO_32_BIT_CONVERSION = YES;
				GCC_WARN_ABOUT_RETURN_TYPE = YES_ERROR;
				GCC_WARN_UNDECLARED_SELECTOR = YES;
				GCC_WARN_UNINITIALIZED_AUTOS = YES_AGGRESSIVE;
				GCC_WARN_UNUSED_FUNCTION = YES;
				GCC_WARN_UNUSED_VARIABLE = YES;
				IPHONEOS_DEPLOYMENT_TARGET = 12.4;
				MTL_ENABLE_DEBUG_INFO = INCLUDE_SOURCE;
				MTL_FAST_MATH = YES;
				ONLY_ACTIVE_ARCH = YES;
				SDKROOT = iphoneos;
				SWIFT_ACTIVE_COMPILATION_CONDITIONS = DEBUG;
				SWIFT_OPTIMIZATION_LEVEL = "-Onone";
			};
			name = Debug;
		};
		88CA8E20239DA8A90001A333 /* Release */ = {
			isa = XCBuildConfiguration;
			buildSettings = {
				ALWAYS_SEARCH_USER_PATHS = NO;
				CLANG_ANALYZER_NONNULL = YES;
				CLANG_ANALYZER_NUMBER_OBJECT_CONVERSION = YES_AGGRESSIVE;
				CLANG_CXX_LANGUAGE_STANDARD = "gnu++14";
				CLANG_CXX_LIBRARY = "libc++";
				CLANG_ENABLE_MODULES = YES;
				CLANG_ENABLE_OBJC_ARC = YES;
				CLANG_ENABLE_OBJC_WEAK = YES;
				CLANG_WARN_BLOCK_CAPTURE_AUTORELEASING = YES;
				CLANG_WARN_BOOL_CONVERSION = YES;
				CLANG_WARN_COMMA = YES;
				CLANG_WARN_CONSTANT_CONVERSION = YES;
				CLANG_WARN_DEPRECATED_OBJC_IMPLEMENTATIONS = YES;
				CLANG_WARN_DIRECT_OBJC_ISA_USAGE = YES_ERROR;
				CLANG_WARN_DOCUMENTATION_COMMENTS = YES;
				CLANG_WARN_EMPTY_BODY = YES;
				CLANG_WARN_ENUM_CONVERSION = YES;
				CLANG_WARN_INFINITE_RECURSION = YES;
				CLANG_WARN_INT_CONVERSION = YES;
				CLANG_WARN_NON_LITERAL_NULL_CONVERSION = YES;
				CLANG_WARN_OBJC_IMPLICIT_RETAIN_SELF = YES;
				CLANG_WARN_OBJC_LITERAL_CONVERSION = YES;
				CLANG_WARN_OBJC_ROOT_CLASS = YES_ERROR;
				CLANG_WARN_RANGE_LOOP_ANALYSIS = YES;
				CLANG_WARN_STRICT_PROTOTYPES = YES;
				CLANG_WARN_SUSPICIOUS_MOVE = YES;
				CLANG_WARN_UNGUARDED_AVAILABILITY = YES_AGGRESSIVE;
				CLANG_WARN_UNREACHABLE_CODE = YES;
				CLANG_WARN__DUPLICATE_METHOD_MATCH = YES;
				CODE_SIGN_IDENTITY = "iPhone Developer";
				COPY_PHASE_STRIP = NO;
				DEBUG_INFORMATION_FORMAT = "dwarf-with-dsym";
				ENABLE_NS_ASSERTIONS = NO;
				ENABLE_STRICT_OBJC_MSGSEND = YES;
				GCC_C_LANGUAGE_STANDARD = gnu11;
				GCC_NO_COMMON_BLOCKS = YES;
				GCC_WARN_64_TO_32_BIT_CONVERSION = YES;
				GCC_WARN_ABOUT_RETURN_TYPE = YES_ERROR;
				GCC_WARN_UNDECLARED_SELECTOR = YES;
				GCC_WARN_UNINITIALIZED_AUTOS = YES_AGGRESSIVE;
				GCC_WARN_UNUSED_FUNCTION = YES;
				GCC_WARN_UNUSED_VARIABLE = YES;
				IPHONEOS_DEPLOYMENT_TARGET = 12.4;
				MTL_ENABLE_DEBUG_INFO = NO;
				MTL_FAST_MATH = YES;
				SDKROOT = iphoneos;
				SWIFT_COMPILATION_MODE = wholemodule;
				SWIFT_OPTIMIZATION_LEVEL = "-O";
				VALIDATE_PRODUCT = YES;
			};
			name = Release;
		};
		88CA8E22239DA8A90001A333 /* Debug */ = {
			isa = XCBuildConfiguration;
			buildSettings = {
				ASSETCATALOG_COMPILER_APPICON_NAME = AppIcon;
				CODE_SIGN_STYLE = Automatic;
				DEVELOPMENT_TEAM = 4963B8GLGL;
				INFOPLIST_FILE = OnTheMap/Info.plist;
				LD_RUNPATH_SEARCH_PATHS = (
					"$(inherited)",
					"@executable_path/Frameworks",
				);
				PRODUCT_BUNDLE_IDENTIFIER = qmarams.OnTheMap;
				PRODUCT_NAME = "$(TARGET_NAME)";
				SWIFT_VERSION = 5.0;
				TARGETED_DEVICE_FAMILY = "1,2";
			};
			name = Debug;
		};
		88CA8E23239DA8A90001A333 /* Release */ = {
			isa = XCBuildConfiguration;
			buildSettings = {
				ASSETCATALOG_COMPILER_APPICON_NAME = AppIcon;
				CODE_SIGN_STYLE = Automatic;
				DEVELOPMENT_TEAM = 4963B8GLGL;
				INFOPLIST_FILE = OnTheMap/Info.plist;
				LD_RUNPATH_SEARCH_PATHS = (
					"$(inherited)",
					"@executable_path/Frameworks",
				);
				PRODUCT_BUNDLE_IDENTIFIER = qmarams.OnTheMap;
				PRODUCT_NAME = "$(TARGET_NAME)";
				SWIFT_VERSION = 5.0;
				TARGETED_DEVICE_FAMILY = "1,2";
			};
			name = Release;
		};
/* End XCBuildConfiguration section */

/* Begin XCConfigurationList section */
		88CA8E0A239DA8980001A333 /* Build configuration list for PBXProject "OnTheMap" */ = {
			isa = XCConfigurationList;
			buildConfigurations = (
				88CA8E1F239DA8A90001A333 /* Debug */,
				88CA8E20239DA8A90001A333 /* Release */,
			);
			defaultConfigurationIsVisible = 0;
			defaultConfigurationName = Release;
		};
		88CA8E21239DA8A90001A333 /* Build configuration list for PBXNativeTarget "OnTheMap" */ = {
			isa = XCConfigurationList;
			buildConfigurations = (
				88CA8E22239DA8A90001A333 /* Debug */,
				88CA8E23239DA8A90001A333 /* Release */,
			);
			defaultConfigurationIsVisible = 0;
			defaultConfigurationName = Release;
		};
/* End XCConfigurationList section */
	};
	rootObject = 88CA8E07239DA8980001A333 /* Project object */;
}
